
Microsoft Visual Studio Solution File, Format Version 12.00
# Visual Studio 14
VisualStudioVersion = 14.0.24720.0
MinimumVisualStudioVersion = 10.0.40219.1
Project("{FAE04EC0-301F-11D3-BF4B-00C04F79EFBC}") = "ObservablePropertyChanged", "ObservablePropertyChanged\ObservablePropertyChanged.csproj", "{FDD5DF2E-A12F-4AD2-8EB8-794B5E450F58}"
EndProject
Project("{FAE04EC0-301F-11D3-BF4B-00C04F79EFBC}") = "ExampleApp", "ExampleApp\ExampleApp.csproj", "{7C5BCFE7-4FAD-41F4-A70D-5D90B63DA40C}"
EndProject
Project("{FAE04EC0-301F-11D3-BF4B-00C04F79EFBC}") = "BuildNuGetPackage", "BuildNuGetPackage\BuildNuGetPackage.csproj", "{59D52D47-A6C9-4E49-AEE9-7953797A7243}"
EndProject
Global
	GlobalSection(SolutionConfigurationPlatforms) = preSolution
		Debug|Any CPU = Debug|Any CPU
		Release|Any CPU = Release|Any CPU
	EndGlobalSection
	GlobalSection(ProjectConfigurationPlatforms) = postSolution
		{FDD5DF2E-A12F-4AD2-8EB8-794B5E450F58}.Debug|Any CPU.ActiveCfg = Debug|Any CPU
		{FDD5DF2E-A12F-4AD2-8EB8-794B5E450F58}.Debug|Any CPU.Build.0 = Debug|Any CPU
		{FDD5DF2E-A12F-4AD2-8EB8-794B5E450F58}.Release|Any CPU.ActiveCfg = Release|Any CPU
		{FDD5DF2E-A12F-4AD2-8EB8-794B5E450F58}.Release|Any CPU.Build.0 = Release|Any CPU
		{7C5BCFE7-4FAD-41F4-A70D-5D90B63DA40C}.Debug|Any CPU.ActiveCfg = Debug|Any CPU
		{7C5BCFE7-4FAD-41F4-A70D-5D90B63DA40C}.Debug|Any CPU.Build.0 = Debug|Any CPU
		{7C5BCFE7-4FAD-41F4-A70D-5D90B63DA40C}.Release|Any CPU.ActiveCfg = Release|Any CPU
		{7C5BCFE7-4FAD-41F4-A70D-5D90B63DA40C}.Release|Any CPU.Build.0 = Release|Any CPU
		{59D52D47-A6C9-4E49-AEE9-7953797A7243}.Debug|Any CPU.ActiveCfg = Debug|Any CPU
		{59D52D47-A6C9-4E49-AEE9-7953797A7243}.Debug|Any CPU.Build.0 = Debug|Any CPU
		{59D52D47-A6C9-4E49-AEE9-7953797A7243}.Release|Any CPU.ActiveCfg = Release|Any CPU
		{59D52D47-A6C9-4E49-AEE9-7953797A7243}.Release|Any CPU.Build.0 = Release|Any CPU
	EndGlobalSection
	GlobalSection(SolutionProperties) = preSolution
		HideSolutionNode = FALSE
	EndGlobalSection
EndGlobal
